
Microsoft Visual Studio Solution File, Format Version 12.00
# Visual Studio Version 17
VisualStudioVersion = 17.12.35527.113 d17.12
MinimumVisualStudioVersion = 10.0.40219.1
Project("{FAE04EC0-301F-11D3-BF4B-00C04F79EFBC}") = "SpanishVerbConjugator", "SpanishVerbConjugator\SpanishVerbConjugator.csproj", "{0BE878FF-ACF9-4B32-952D-B87C5AC32F37}"
EndProject
Project("{54435603-DBB4-11D2-8724-00A0C9A8B90C}") = "SpanishVerbConjugatorSetup", "SpanishVerbConjugatorSetup\SpanishVerbConjugatorSetup.vdproj", "{7277DDAF-D8AD-45B7-A561-D16702BAC33C}"
EndProject
Global
	GlobalSection(SolutionConfigurationPlatforms) = preSolution
		Debug|Any CPU = Debug|Any CPU
		Release|Any CPU = Release|Any CPU
	EndGlobalSection
	GlobalSection(ProjectConfigurationPlatforms) = postSolution
		{0BE878FF-ACF9-4B32-952D-B87C5AC32F37}.Debug|Any CPU.ActiveCfg = Debug|Any CPU
		{0BE878FF-ACF9-4B32-952D-B87C5AC32F37}.Debug|Any CPU.Build.0 = Debug|Any CPU
		{0BE878FF-ACF9-4B32-952D-B87C5AC32F37}.Release|Any CPU.ActiveCfg = Release|Any CPU
		{0BE878FF-ACF9-4B32-952D-B87C5AC32F37}.Release|Any CPU.Build.0 = Release|Any CPU
		{7277DDAF-D8AD-45B7-A561-D16702BAC33C}.Debug|Any CPU.ActiveCfg = Debug
		{7277DDAF-D8AD-45B7-A561-D16702BAC33C}.Release|Any CPU.ActiveCfg = Release
	EndGlobalSection
	GlobalSection(SolutionProperties) = preSolution
		HideSolutionNode = FALSE
	EndGlobalSection
EndGlobal
